// !$*UTF8*$!
{
	archiveVersion = 1;
	classes = {
	};
	objectVersion = 56;
	objects = {

/* Begin PBXBuildFile section */
		051ABC0EEBD024FA5E9B1245 /* LocalDictionary.swift in Sources */ = {isa = PBXBuildFile; fileRef = 73D15AE25CB86A3CD08EFB54 /* LocalDictionary.swift */; };
		0CD65F06D34191E1CE26E904 /* KidsStarBurstScene.swift in Sources */ = {isa = PBXBuildFile; fileRef = 51AB47987B5464641C48C8E3 /* KidsStarBurstScene.swift */; };
		0CE32D66A9F16F43616B4CFC /* KidsPartySetupView.swift in Sources */ = {isa = PBXBuildFile; fileRef = 1B058186CA7A449B5224E53F /* KidsPartySetupView.swift */; };
		1A0001 /* RackRushKidsApp.swift in Sources */ = {isa = PBXBuildFile; fileRef = 1A1001 /* RackRushKidsApp.swift */; };
		1A0002 /* KidsContentView.swift in Sources */ = {isa = PBXBuildFile; fileRef = 1A1002 /* KidsContentView.swift */; };
		1A0003 /* KidsTheme.swift in Sources */ = {isa = PBXBuildFile; fileRef = 1A1003 /* KidsTheme.swift */; };
		1A0004 /* KidsGameState.swift in Sources */ = {isa = PBXBuildFile; fileRef = 1A1004 /* KidsGameState.swift */; };
		1A0005 /* KidsHomeView.swift in Sources */ = {isa = PBXBuildFile; fileRef = 1A1005 /* KidsHomeView.swift */; };
		1A0006 /* KidsMatchView.swift in Sources */ = {isa = PBXBuildFile; fileRef = 1A1006 /* KidsMatchView.swift */; };
		1A0007 /* KidsResultView.swift in Sources */ = {isa = PBXBuildFile; fileRef = 1A1007 /* KidsResultView.swift */; };
		1A0008 /* KidsSettingsView.swift in Sources */ = {isa = PBXBuildFile; fileRef = 1A1008 /* KidsSettingsView.swift */; };
		1A0009 /* Assets.xcassets in Resources */ = {isa = PBXBuildFile; fileRef = 1A1009 /* Assets.xcassets */; };
		1A0010 /* KidsWordFilter.swift in Sources */ = {isa = PBXBuildFile; fileRef = 1A1010 /* KidsWordFilter.swift */; };
		1A0011 /* KidsSocketService.swift in Sources */ = {isa = PBXBuildFile; fileRef = 1A1011 /* KidsSocketService.swift */; };
		1A0012 /* SocketIO in Frameworks */ = {isa = PBXBuildFile; productRef = 1A9001 /* SocketIO */; };
		1A0013 /* KidsEffects.swift in Sources */ = {isa = PBXBuildFile; fileRef = 1A1013 /* KidsEffects.swift */; };
		1A0014 /* HapticManager.swift in Sources */ = {isa = PBXBuildFile; fileRef = 1A1014 /* HapticManager.swift */; };
		1A0015 /* KidsAudioManager.swift in Sources */ = {isa = PBXBuildFile; fileRef = 1A1015 /* KidsAudioManager.swift */; };
		1A0016 /* KidsDictionaryService.swift in Sources */ = {isa = PBXBuildFile; fileRef = 1A1016 /* KidsDictionaryService.swift */; };
		1A0017 /* KidsTutorialOverlay.swift in Sources */ = {isa = PBXBuildFile; fileRef = 1A1017 /* KidsTutorialOverlay.swift */; };
		1A0018 /* KidsMapView.swift in Sources */ = {isa = PBXBuildFile; fileRef = 1A1018 /* KidsMapView.swift */; };
		1A0019 /* StickerBookView.swift in Sources */ = {isa = PBXBuildFile; fileRef = 1A1019 /* StickerBookView.swift */; };
		1A0020 /* IslandNode.swift in Sources */ = {isa = PBXBuildFile; fileRef = 1A1020 /* IslandNode.swift */; };
		1A0021 /* KidsParentalControlsView.swift in Sources */ = {isa = PBXBuildFile; fileRef = 1A1021 /* KidsParentalControlsView.swift */; };
		1A0022 /* KidsDailyChallengeManager.swift in Sources */ = {isa = PBXBuildFile; fileRef = 1A1022 /* KidsDailyChallengeManager.swift */; };
		1A0023 /* KidsAchievementManager.swift in Sources */ = {isa = PBXBuildFile; fileRef = 1A1023 /* KidsAchievementManager.swift */; };
		1A0024 /* KidsCommunityManager.swift in Sources */ = {isa = PBXBuildFile; fileRef = 1A1024 /* KidsCommunityManager.swift */; };
		1A0025 /* KidsTTSService.swift in Sources */ = {isa = PBXBuildFile; fileRef = 1A1025 /* KidsTTSService.swift */; };
		1A0026 /* KidsOnboardingView.swift in Sources */ = {isa = PBXBuildFile; fileRef = 1A1026 /* KidsOnboardingView.swift */; };
		1A0027 /* KidsSpriteKitBridge.swift in Sources */ = {isa = PBXBuildFile; fileRef = 1A1027 /* KidsSpriteKitBridge.swift */; };
		1A0028 /* ConfettiScene.swift in Sources */ = {isa = PBXBuildFile; fileRef = 1A1028 /* ConfettiScene.swift */; };
		1A0029 /* AmbientParticleScene.swift in Sources */ = {isa = PBXBuildFile; fileRef = 1A1029 /* AmbientParticleScene.swift */; };
		1A0030 /* BonusTileEffectScene.swift in Sources */ = {isa = PBXBuildFile; fileRef = 1A1030 /* BonusTileEffectScene.swift */; };
		218F5F2A83155B5EFD32211D /* kids_enable.txt in Resources */ = {isa = PBXBuildFile; fileRef = 934DECA95C43C08D4EEF44C1 /* kids_enable.txt */; };
		2EEB7EE6441F1F73D413EFDE /* LocalBotPlayer.swift in Sources */ = {isa = PBXBuildFile; fileRef = D49F908DD579B978EB39A09D /* LocalBotPlayer.swift */; };
		3805395B4A38303FEDDD105D /* blocklist.txt in Resources */ = {isa = PBXBuildFile; fileRef = DFFF1E078F1715B23B84FABA /* blocklist.txt */; };
		4966A5B97014ACED8038637B /* enable.txt in Resources */ = {isa = PBXBuildFile; fileRef = E0F394BB25D250ECCE442889 /* enable.txt */; };
		4F9F9D4BF190FEAFFD6CBB48 /* kids_definitions.json in Resources */ = {isa = PBXBuildFile; fileRef = 4D59EF97D7C409E7798CAB1A /* kids_definitions.json */; };
		7E94247BA6DA7183B72F9809 /* LocalScorer.swift in Sources */ = {isa = PBXBuildFile; fileRef = 5850D7C1014D382106D6050D /* LocalScorer.swift */; };
		8166B17126D5BB096B864178 /* KidsPartyGameState.swift in Sources */ = {isa = PBXBuildFile; fileRef = EE27D1E5D5C1261ACA737000 /* KidsPartyGameState.swift */; };
		847BB05C3B5C93E5B078B181 /* BalloonScene.swift in Sources */ = {isa = PBXBuildFile; fileRef = 24463BAA2B5B5257038BC610 /* BalloonScene.swift */; };
		9BB9FA173596EE340C8A58E8 /* KidsPartyViews.swift in Sources */ = {isa = PBXBuildFile; fileRef = C0A5C7A23245CD706623C6B9 /* KidsPartyViews.swift */; };
		AA858B492DADE70E662A51CD /* KidsScorePopScene.swift in Sources */ = {isa = PBXBuildFile; fileRef = F32CFB1757154AADF2A3D91D /* KidsScorePopScene.swift */; };
		B1F583E085FDA44233B82750 /* GameCenterService.swift in Sources */ = {isa = PBXBuildFile; fileRef = B9F605D618567D7D1EA53587 /* GameCenterService.swift */; };
		C78013627172F0966AE53160 /* RainbowTrailScene.swift in Sources */ = {isa = PBXBuildFile; fileRef = F97DC2CBCBB69D4A4F7D6C23 /* RainbowTrailScene.swift */; };
		F36D376165E4A3F9063B3F92 /* LocalRackGenerator.swift in Sources */ = {isa = PBXBuildFile; fileRef = 9EDEFAEF773D43FFB2955079 /* LocalRackGenerator.swift */; };
		FDFF44EB5DD86AFD3BC298CB /* SparkleTouchScene.swift in Sources */ = {isa = PBXBuildFile; fileRef = BDA7B04C09C47CED54D7ABA7 /* SparkleTouchScene.swift */; };
		MPSVC001 /* MultipeerService.swift in Sources */ = {isa = PBXBuildFile; fileRef = MPSVCREF /* MultipeerService.swift */; };
		KNPV001 /* KidsNetworkPartyView.swift in Sources */ = {isa = PBXBuildFile; fileRef = KNPVREF /* KidsNetworkPartyView.swift */; };
/* End PBXBuildFile section */

/* Begin PBXFileReference section */
		1A1001 /* RackRushKidsApp.swift */ = {isa = PBXFileReference; lastKnownFileType = sourcecode.swift; path = RackRushKidsApp.swift; sourceTree = "<group>"; };
		1A1002 /* KidsContentView.swift */ = {isa = PBXFileReference; lastKnownFileType = sourcecode.swift; path = KidsContentView.swift; sourceTree = "<group>"; };
		1A1003 /* KidsTheme.swift */ = {isa = PBXFileReference; lastKnownFileType = sourcecode.swift; path = KidsTheme.swift; sourceTree = "<group>"; };
		1A1004 /* KidsGameState.swift */ = {isa = PBXFileReference; lastKnownFileType = sourcecode.swift; path = KidsGameState.swift; sourceTree = "<group>"; };
		1A1005 /* KidsHomeView.swift */ = {isa = PBXFileReference; lastKnownFileType = sourcecode.swift; path = KidsHomeView.swift; sourceTree = "<group>"; };
		1A1006 /* KidsMatchView.swift */ = {isa = PBXFileReference; lastKnownFileType = sourcecode.swift; path = KidsMatchView.swift; sourceTree = "<group>"; };
		1A1007 /* KidsResultView.swift */ = {isa = PBXFileReference; lastKnownFileType = sourcecode.swift; path = KidsResultView.swift; sourceTree = "<group>"; };
		1A1008 /* KidsSettingsView.swift */ = {isa = PBXFileReference; lastKnownFileType = sourcecode.swift; path = KidsSettingsView.swift; sourceTree = "<group>"; };
		1A1009 /* Assets.xcassets */ = {isa = PBXFileReference; lastKnownFileType = folder.assetcatalog; path = Assets.xcassets; sourceTree = "<group>"; };
		1A100A /* Info.plist */ = {isa = PBXFileReference; lastKnownFileType = text.plist.xml; path = Info.plist; sourceTree = "<group>"; };
		1A1010 /* KidsWordFilter.swift */ = {isa = PBXFileReference; lastKnownFileType = sourcecode.swift; path = KidsWordFilter.swift; sourceTree = "<group>"; };
		1A1011 /* KidsSocketService.swift */ = {isa = PBXFileReference; lastKnownFileType = sourcecode.swift; path = KidsSocketService.swift; sourceTree = "<group>"; };
		1A1013 /* KidsEffects.swift */ = {isa = PBXFileReference; lastKnownFileType = sourcecode.swift; path = KidsEffects.swift; sourceTree = "<group>"; };
		1A1014 /* HapticManager.swift */ = {isa = PBXFileReference; lastKnownFileType = sourcecode.swift; path = HapticManager.swift; sourceTree = "<group>"; };
		1A1015 /* KidsAudioManager.swift */ = {isa = PBXFileReference; lastKnownFileType = sourcecode.swift; path = KidsAudioManager.swift; sourceTree = "<group>"; };
		1A1016 /* KidsDictionaryService.swift */ = {isa = PBXFileReference; lastKnownFileType = sourcecode.swift; path = KidsDictionaryService.swift; sourceTree = "<group>"; };
		1A1017 /* KidsTutorialOverlay.swift */ = {isa = PBXFileReference; lastKnownFileType = sourcecode.swift; path = KidsTutorialOverlay.swift; sourceTree = "<group>"; };
		1A1018 /* KidsMapView.swift */ = {isa = PBXFileReference; lastKnownFileType = sourcecode.swift; path = KidsMapView.swift; sourceTree = "<group>"; };
		1A1019 /* StickerBookView.swift */ = {isa = PBXFileReference; lastKnownFileType = sourcecode.swift; path = StickerBookView.swift; sourceTree = "<group>"; };
		1A1020 /* IslandNode.swift */ = {isa = PBXFileReference; lastKnownFileType = sourcecode.swift; path = IslandNode.swift; sourceTree = "<group>"; };
		1A1021 /* KidsParentalControlsView.swift */ = {isa = PBXFileReference; lastKnownFileType = sourcecode.swift; path = KidsParentalControlsView.swift; sourceTree = "<group>"; };
		1A1022 /* KidsDailyChallengeManager.swift */ = {isa = PBXFileReference; lastKnownFileType = sourcecode.swift; path = KidsDailyChallengeManager.swift; sourceTree = "<group>"; };
		1A1023 /* KidsAchievementManager.swift */ = {isa = PBXFileReference; lastKnownFileType = sourcecode.swift; path = KidsAchievementManager.swift; sourceTree = "<group>"; };
		1A1024 /* KidsCommunityManager.swift */ = {isa = PBXFileReference; lastKnownFileType = sourcecode.swift; path = KidsCommunityManager.swift; sourceTree = "<group>"; };
		1A1025 /* KidsTTSService.swift */ = {isa = PBXFileReference; lastKnownFileType = sourcecode.swift; path = KidsTTSService.swift; sourceTree = "<group>"; };
		1A1026 /* KidsOnboardingView.swift */ = {isa = PBXFileReference; lastKnownFileType = sourcecode.swift; path = KidsOnboardingView.swift; sourceTree = "<group>"; };
		1A1027 /* KidsSpriteKitBridge.swift */ = {isa = PBXFileReference; lastKnownFileType = sourcecode.swift; path = KidsSpriteKitBridge.swift; sourceTree = "<group>"; };
		1A1028 /* ConfettiScene.swift */ = {isa = PBXFileReference; lastKnownFileType = sourcecode.swift; path = ConfettiScene.swift; sourceTree = "<group>"; };
		1A1029 /* AmbientParticleScene.swift */ = {isa = PBXFileReference; lastKnownFileType = sourcecode.swift; path = AmbientParticleScene.swift; sourceTree = "<group>"; };
		1A1030 /* BonusTileEffectScene.swift */ = {isa = PBXFileReference; lastKnownFileType = sourcecode.swift; path = BonusTileEffectScene.swift; sourceTree = "<group>"; };
		1A2001 /* RackRushKids.app */ = {isa = PBXFileReference; explicitFileType = wrapper.application; includeInIndex = 0; path = RackRushKids.app; sourceTree = BUILT_PRODUCTS_DIR; };
		1B058186CA7A449B5224E53F /* KidsPartySetupView.swift */ = {isa = PBXFileReference; includeInIndex = 1; lastKnownFileType = sourcecode.swift; path = KidsPartySetupView.swift; sourceTree = "<group>"; };
		24463BAA2B5B5257038BC610 /* BalloonScene.swift */ = {isa = PBXFileReference; includeInIndex = 1; lastKnownFileType = sourcecode.swift; path = BalloonScene.swift; sourceTree = "<group>"; };
		4D59EF97D7C409E7798CAB1A /* kids_definitions.json */ = {isa = PBXFileReference; includeInIndex = 1; path = kids_definitions.json; sourceTree = "<group>"; };
		51AB47987B5464641C48C8E3 /* KidsStarBurstScene.swift */ = {isa = PBXFileReference; includeInIndex = 1; lastKnownFileType = sourcecode.swift; path = KidsStarBurstScene.swift; sourceTree = "<group>"; };
		5850D7C1014D382106D6050D /* LocalScorer.swift */ = {isa = PBXFileReference; includeInIndex = 1; lastKnownFileType = sourcecode.swift; path = LocalScorer.swift; sourceTree = "<group>"; };
		68239FFF230380FD49B463F4 /* RackRushKids.entitlements */ = {isa = PBXFileReference; includeInIndex = 1; lastKnownFileType = text.plist.entitlements; path = RackRushKids.entitlements; sourceTree = "<group>"; };
		73D15AE25CB86A3CD08EFB54 /* LocalDictionary.swift */ = {isa = PBXFileReference; includeInIndex = 1; lastKnownFileType = sourcecode.swift; path = LocalDictionary.swift; sourceTree = "<group>"; };
		934DECA95C43C08D4EEF44C1 /* kids_enable.txt */ = {isa = PBXFileReference; includeInIndex = 1; path = kids_enable.txt; sourceTree = "<group>"; };
		9EDEFAEF773D43FFB2955079 /* LocalRackGenerator.swift */ = {isa = PBXFileReference; includeInIndex = 1; lastKnownFileType = sourcecode.swift; path = LocalRackGenerator.swift; sourceTree = "<group>"; };
		B9F605D618567D7D1EA53587 /* GameCenterService.swift */ = {isa = PBXFileReference; includeInIndex = 1; lastKnownFileType = sourcecode.swift; path = GameCenterService.swift; sourceTree = "<group>"; };
		BDA7B04C09C47CED54D7ABA7 /* SparkleTouchScene.swift */ = {isa = PBXFileReference; includeInIndex = 1; lastKnownFileType = sourcecode.swift; path = SparkleTouchScene.swift; sourceTree = "<group>"; };
		C0A5C7A23245CD706623C6B9 /* KidsPartyViews.swift */ = {isa = PBXFileReference; includeInIndex = 1; lastKnownFileType = sourcecode.swift; path = KidsPartyViews.swift; sourceTree = "<group>"; };
		D49F908DD579B978EB39A09D /* LocalBotPlayer.swift */ = {isa = PBXFileReference; includeInIndex = 1; lastKnownFileType = sourcecode.swift; path = LocalBotPlayer.swift; sourceTree = "<group>"; };
		DFFF1E078F1715B23B84FABA /* blocklist.txt */ = {isa = PBXFileReference; includeInIndex = 1; lastKnownFileType = text; path = blocklist.txt; sourceTree = "<group>"; };
		E0F394BB25D250ECCE442889 /* enable.txt */ = {isa = PBXFileReference; includeInIndex = 1; lastKnownFileType = text; path = enable.txt; sourceTree = "<group>"; };
		EE27D1E5D5C1261ACA737000 /* KidsPartyGameState.swift */ = {isa = PBXFileReference; includeInIndex = 1; lastKnownFileType = sourcecode.swift; path = KidsPartyGameState.swift; sourceTree = "<group>"; };
		F32CFB1757154AADF2A3D91D /* KidsScorePopScene.swift */ = {isa = PBXFileReference; includeInIndex = 1; lastKnownFileType = sourcecode.swift; path = KidsScorePopScene.swift; sourceTree = "<group>"; };
		F97DC2CBCBB69D4A4F7D6C23 /* RainbowTrailScene.swift */ = {isa = PBXFileReference; includeInIndex = 1; lastKnownFileType = sourcecode.swift; path = RainbowTrailScene.swift; sourceTree = "<group>"; };
		MPSVCREF /* MultipeerService.swift */ = {isa = PBXFileReference; includeInIndex = 1; lastKnownFileType = sourcecode.swift; path = MultipeerService.swift; sourceTree = "<group>"; };
		KNPVREF /* KidsNetworkPartyView.swift */ = {isa = PBXFileReference; includeInIndex = 1; lastKnownFileType = sourcecode.swift; path = KidsNetworkPartyView.swift; sourceTree = "<group>"; };
/* End PBXFileReference section */

/* Begin PBXFrameworksBuildPhase section */
		1A3001 /* Frameworks */ = {
			isa = PBXFrameworksBuildPhase;
			buildActionMask = 2147483647;
			files = (
				1A0012 /* SocketIO in Frameworks */,
			);
			runOnlyForDeploymentPostprocessing = 0;
		};
/* End PBXFrameworksBuildPhase section */

/* Begin PBXGroup section */
		1A4001 = {
			isa = PBXGroup;
			children = (
				1A4002 /* RackRushKids */,
				1A4003 /* Products */,
			);
			sourceTree = "<group>";
		};
		1A4002 /* RackRushKids */ = {
			isa = PBXGroup;
			children = (
				1A1001 /* RackRushKidsApp.swift */,
				1A1002 /* KidsContentView.swift */,
				1A1003 /* KidsTheme.swift */,
				1A4004 /* Models */,
				1A4005 /* Views */,
				1A4007 /* Components */,
				1A4006 /* Services */,
				1A1009 /* Assets.xcassets */,
				1A100A /* Info.plist */,
				B92F1F96D5B43FAF2010798C /* Resources */,
				1A4008 /* SpriteKit */,
				68239FFF230380FD49B463F4 /* RackRushKids.entitlements */,
			);
			path = RackRushKids;
			sourceTree = "<group>";
		};
		1A4003 /* Products */ = {
			isa = PBXGroup;
			children = (
				1A2001 /* RackRushKids.app */,
			);
			name = Products;
			sourceTree = "<group>";
		};
		1A4004 /* Models */ = {
			isa = PBXGroup;
			children = (
				1A1004 /* KidsGameState.swift */,
				EE27D1E5D5C1261ACA737000 /* KidsPartyGameState.swift */,
			);
			path = Models;
			sourceTree = "<group>";
		};
		1A4005 /* Views */ = {
			isa = PBXGroup;
			children = (
				1A1005 /* KidsHomeView.swift */,
				1A1006 /* KidsMatchView.swift */,
				1A1007 /* KidsResultView.swift */,
				1A1008 /* KidsSettingsView.swift */,
				1A1021 /* KidsParentalControlsView.swift */,
				1A1013 /* KidsEffects.swift */,
				1A1017 /* KidsTutorialOverlay.swift */,
				1A1018 /* KidsMapView.swift */,
				1A1019 /* StickerBookView.swift */,
				1A1026 /* KidsOnboardingView.swift */,
				1B058186CA7A449B5224E53F /* KidsPartySetupView.swift */,
				C0A5C7A23245CD706623C6B9 /* KidsPartyViews.swift */,
				KNPVREF /* KidsNetworkPartyView.swift */,
			);
			path = Views;
			sourceTree = "<group>";
		};
		1A4006 /* Services */ = {
			isa = PBXGroup;
			children = (
				1A1010 /* KidsWordFilter.swift */,
				1A1011 /* KidsSocketService.swift */,
				1A1014 /* HapticManager.swift */,
				1A1015 /* KidsAudioManager.swift */,
				1A1025 /* KidsTTSService.swift */,
				1A1016 /* KidsDictionaryService.swift */,
				73D15AE25CB86A3CD08EFB54 /* LocalDictionary.swift */,
				5850D7C1014D382106D6050D /* LocalScorer.swift */,
				9EDEFAEF773D43FFB2955079 /* LocalRackGenerator.swift */,
				D49F908DD579B978EB39A09D /* LocalBotPlayer.swift */,
				B9F605D618567D7D1EA53587 /* GameCenterService.swift */,
				MPSVCREF /* MultipeerService.swift */,
				1A1022 /* KidsDailyChallengeManager.swift */,
				1A1024 /* KidsCommunityManager.swift */,
				1A1023 /* KidsAchievementManager.swift */,
			);
			path = Services;
			sourceTree = "<group>";
		};
		1A4007 /* Components */ = {
			isa = PBXGroup;
			children = (
				1A1020 /* IslandNode.swift */,
			);
			path = Components;
			sourceTree = "<group>";
		};
		1A4008 /* SpriteKit */ = {
			isa = PBXGroup;
			children = (
				1A1027 /* KidsSpriteKitBridge.swift */,
				1A1028 /* ConfettiScene.swift */,
				1A1029 /* AmbientParticleScene.swift */,
				1A1030 /* BonusTileEffectScene.swift */,
				24463BAA2B5B5257038BC610 /* BalloonScene.swift */,
				F32CFB1757154AADF2A3D91D /* KidsScorePopScene.swift */,
				51AB47987B5464641C48C8E3 /* KidsStarBurstScene.swift */,
				F97DC2CBCBB69D4A4F7D6C23 /* RainbowTrailScene.swift */,
				BDA7B04C09C47CED54D7ABA7 /* SparkleTouchScene.swift */,
			);
			path = SpriteKit;
			sourceTree = "<group>";
		};
		B92F1F96D5B43FAF2010798C /* Resources */ = {
			isa = PBXGroup;
			children = (
				E0F394BB25D250ECCE442889 /* enable.txt */,
				DFFF1E078F1715B23B84FABA /* blocklist.txt */,
				934DECA95C43C08D4EEF44C1 /* kids_enable.txt */,
				4D59EF97D7C409E7798CAB1A /* kids_definitions.json */,
			);
			path = Resources;
			sourceTree = "<group>";
		};
/* End PBXGroup section */

/* Begin PBXNativeTarget section */
		1A5001 /* RackRushKids */ = {
			isa = PBXNativeTarget;
			buildConfigurationList = 1A6001 /* Build configuration list for PBXNativeTarget "RackRushKids" */;
			buildPhases = (
				1A5002 /* Sources */,
				1A3001 /* Frameworks */,
				1A5003 /* Resources */,
			);
			buildRules = (
			);
			dependencies = (
			);
			name = RackRushKids;
			productName = RackRushKids;
			productReference = 1A2001 /* RackRushKids.app */;
			productType = "com.apple.product-type.application";
		};
/* End PBXNativeTarget section */

/* Begin PBXProject section */
		1A7001 /* Project object */ = {
			isa = PBXProject;
			attributes = {
				BuildIndependentTargetsInParallel = 1;
				LastSwiftUpdateCheck = 1520;
				LastUpgradeCheck = 2620;
				TargetAttributes = {
					1A5001 = {
						CreatedOnToolsVersion = 15.2;
					};
				};
			};
			buildConfigurationList = 1A7002 /* Build configuration list for PBXProject "RackRushKids" */;
			compatibilityVersion = "Xcode 14.0";
			developmentRegion = en;
			hasScannedForEncodings = 0;
			knownRegions = (
				en,
				Base,
			);
			mainGroup = 1A4001;
			packageReferences = (
				1A8010 /* XCRemoteSwiftPackageReference "socket.io-client-swift" */,
			);
			productRefGroup = 1A4003 /* Products */;
			projectDirPath = "";
			projectRoot = "";
			targets = (
				1A5001 /* RackRushKids */,
			);
		};
/* End PBXProject section */

/* Begin PBXResourcesBuildPhase section */
		1A5003 /* Resources */ = {
			isa = PBXResourcesBuildPhase;
			buildActionMask = 2147483647;
			files = (
				1A0009 /* Assets.xcassets in Resources */,
				4966A5B97014ACED8038637B /* enable.txt in Resources */,
				3805395B4A38303FEDDD105D /* blocklist.txt in Resources */,
				218F5F2A83155B5EFD32211D /* kids_enable.txt in Resources */,
				4F9F9D4BF190FEAFFD6CBB48 /* kids_definitions.json in Resources */,
			);
			runOnlyForDeploymentPostprocessing = 0;
		};
/* End PBXResourcesBuildPhase section */

/* Begin PBXSourcesBuildPhase section */
		1A5002 /* Sources */ = {
			isa = PBXSourcesBuildPhase;
			buildActionMask = 2147483647;
			files = (
				1A0001 /* RackRushKidsApp.swift in Sources */,
				1A0002 /* KidsContentView.swift in Sources */,
				1A0003 /* KidsTheme.swift in Sources */,
				1A0004 /* KidsGameState.swift in Sources */,
				1A0005 /* KidsHomeView.swift in Sources */,
				1A0006 /* KidsMatchView.swift in Sources */,
				1A0007 /* KidsResultView.swift in Sources */,
				1A0008 /* KidsSettingsView.swift in Sources */,
				1A0021 /* KidsParentalControlsView.swift in Sources */,
				1A0010 /* KidsWordFilter.swift in Sources */,
				1A0011 /* KidsSocketService.swift in Sources */,
				1A0013 /* KidsEffects.swift in Sources */,
				1A0014 /* HapticManager.swift in Sources */,
				1A0015 /* KidsAudioManager.swift in Sources */,
				1A0025 /* KidsTTSService.swift in Sources */,
				1A0016 /* KidsDictionaryService.swift in Sources */,
				1A0017 /* KidsTutorialOverlay.swift in Sources */,
				1A0018 /* KidsMapView.swift in Sources */,
				1A0019 /* StickerBookView.swift in Sources */,
				1A0020 /* IslandNode.swift in Sources */,
				051ABC0EEBD024FA5E9B1245 /* LocalDictionary.swift in Sources */,
				7E94247BA6DA7183B72F9809 /* LocalScorer.swift in Sources */,
				F36D376165E4A3F9063B3F92 /* LocalRackGenerator.swift in Sources */,
				2EEB7EE6441F1F73D413EFDE /* LocalBotPlayer.swift in Sources */,
				B1F583E085FDA44233B82750 /* GameCenterService.swift in Sources */,
				1A0022 /* KidsDailyChallengeManager.swift in Sources */,
				1A0024 /* KidsCommunityManager.swift in Sources */,
				1A0026 /* KidsOnboardingView.swift in Sources */,
				1A0023 /* KidsAchievementManager.swift in Sources */,
				1A0027 /* KidsSpriteKitBridge.swift in Sources */,
				1A0028 /* ConfettiScene.swift in Sources */,
				1A0029 /* AmbientParticleScene.swift in Sources */,
				1A0030 /* BonusTileEffectScene.swift in Sources */,
				847BB05C3B5C93E5B078B181 /* BalloonScene.swift in Sources */,
				AA858B492DADE70E662A51CD /* KidsScorePopScene.swift in Sources */,
				0CD65F06D34191E1CE26E904 /* KidsStarBurstScene.swift in Sources */,
				C78013627172F0966AE53160 /* RainbowTrailScene.swift in Sources */,
				FDFF44EB5DD86AFD3BC298CB /* SparkleTouchScene.swift in Sources */,
				0CE32D66A9F16F43616B4CFC /* KidsPartySetupView.swift in Sources */,
				9BB9FA173596EE340C8A58E8 /* KidsPartyViews.swift in Sources */,
				8166B17126D5BB096B864178 /* KidsPartyGameState.swift in Sources */,
				MPSVC001 /* MultipeerService.swift in Sources */,
				KNPV001 /* KidsNetworkPartyView.swift in Sources */,
			);
			runOnlyForDeploymentPostprocessing = 0;
		};
/* End PBXSourcesBuildPhase section */

/* Begin XCBuildConfiguration section */
		1A8001 /* Debug */ = {
			isa = XCBuildConfiguration;
			buildSettings = {
				ALWAYS_SEARCH_USER_PATHS = NO;
				ASSETCATALOG_COMPILER_GENERATE_SWIFT_ASSET_SYMBOL_EXTENSIONS = YES;
				CLANG_CXX_LANGUAGE_STANDARD = "gnu++20";
				CLANG_ENABLE_MODULES = YES;
				CLANG_ENABLE_OBJC_ARC = YES;
				CLANG_ENABLE_OBJC_WEAK = YES;
				CLANG_WARN_BLOCK_CAPTURE_AUTORELEASING = YES;
				CLANG_WARN_BOOL_CONVERSION = YES;
				CLANG_WARN_COMMA = YES;
				CLANG_WARN_CONSTANT_CONVERSION = YES;
				CLANG_WARN_DEPRECATED_OBJC_IMPLEMENTATIONS = YES;
				CLANG_WARN_DIRECT_OBJC_ISA_USAGE = YES_ERROR;
				CLANG_WARN_DOCUMENTATION_COMMENTS = YES;
				CLANG_WARN_EMPTY_BODY = YES;
				CLANG_WARN_ENUM_CONVERSION = YES;
				CLANG_WARN_INFINITE_RECURSION = YES;
				CLANG_WARN_INT_CONVERSION = YES;
				CLANG_WARN_NON_LITERAL_NULL_CONVERSION = YES;
				CLANG_WARN_OBJC_IMPLICIT_RETAIN_SELF = YES;
				CLANG_WARN_OBJC_LITERAL_CONVERSION = YES;
				CLANG_WARN_OBJC_ROOT_CLASS = YES_ERROR;
				CLANG_WARN_QUOTED_INCLUDE_IN_FRAMEWORK_HEADER = YES;
				CLANG_WARN_RANGE_LOOP_ANALYSIS = YES;
				CLANG_WARN_STRICT_PROTOTYPES = YES;
				CLANG_WARN_SUSPICIOUS_MOVE = YES;
				CLANG_WARN_UNGUARDED_AVAILABILITY = YES_AGGRESSIVE;
				CLANG_WARN_UNREACHABLE_CODE = YES;
				CLANG_WARN__DUPLICATE_METHOD_MATCH = YES;
				COPY_PHASE_STRIP = NO;
				DEBUG_INFORMATION_FORMAT = dwarf;
				DEVELOPMENT_TEAM = 8L5LTN9LMB;
				ENABLE_STRICT_OBJC_MSGSEND = YES;
				ENABLE_TESTABILITY = YES;
				ENABLE_USER_SCRIPT_SANDBOXING = YES;
				GCC_C_LANGUAGE_STANDARD = gnu17;
				GCC_DYNAMIC_NO_PIC = NO;
				GCC_NO_COMMON_BLOCKS = YES;
				GCC_OPTIMIZATION_LEVEL = 0;
				GCC_PREPROCESSOR_DEFINITIONS = (
					"DEBUG=1",
					"$(inherited)",
				);
				GCC_WARN_64_TO_32_BIT_CONVERSION = YES;
				GCC_WARN_ABOUT_RETURN_TYPE = YES_ERROR;
				GCC_WARN_UNDECLARED_SELECTOR = YES;
				GCC_WARN_UNINITIALIZED_AUTOS = YES_AGGRESSIVE;
				GCC_WARN_UNUSED_FUNCTION = YES;
				GCC_WARN_UNUSED_VARIABLE = YES;
				IPHONEOS_DEPLOYMENT_TARGET = 17.0;
				LOCALIZATION_PREFERS_STRING_CATALOGS = YES;
				MTL_ENABLE_DEBUG_INFO = INCLUDE_SOURCE;
				MTL_FAST_MATH = YES;
				ONLY_ACTIVE_ARCH = YES;
				SDKROOT = iphoneos;
				STRING_CATALOG_GENERATE_SYMBOLS = YES;
				SWIFT_ACTIVE_COMPILATION_CONDITIONS = "DEBUG $(inherited)";
				SWIFT_OPTIMIZATION_LEVEL = "-Onone";
			};
			name = Debug;
		};
		1A8002 /* Release */ = {
			isa = XCBuildConfiguration;
			buildSettings = {
				ALWAYS_SEARCH_USER_PATHS = NO;
				ASSETCATALOG_COMPILER_GENERATE_SWIFT_ASSET_SYMBOL_EXTENSIONS = YES;
				CLANG_CXX_LANGUAGE_STANDARD = "gnu++20";
				CLANG_ENABLE_MODULES = YES;
				CLANG_ENABLE_OBJC_ARC = YES;
				CLANG_ENABLE_OBJC_WEAK = YES;
				CLANG_WARN_BLOCK_CAPTURE_AUTORELEASING = YES;
				CLANG_WARN_BOOL_CONVERSION = YES;
				CLANG_WARN_COMMA = YES;
				CLANG_WARN_CONSTANT_CONVERSION = YES;
				CLANG_WARN_DEPRECATED_OBJC_IMPLEMENTATIONS = YES;
				CLANG_WARN_DIRECT_OBJC_ISA_USAGE = YES_ERROR;
				CLANG_WARN_DOCUMENTATION_COMMENTS = YES;
				CLANG_WARN_EMPTY_BODY = YES;
				CLANG_WARN_ENUM_CONVERSION = YES;
				CLANG_WARN_INFINITE_RECURSION = YES;
				CLANG_WARN_INT_CONVERSION = YES;
				CLANG_WARN_NON_LITERAL_NULL_CONVERSION = YES;
				CLANG_WARN_OBJC_IMPLICIT_RETAIN_SELF = YES;
				CLANG_WARN_OBJC_LITERAL_CONVERSION = YES;
				CLANG_WARN_OBJC_ROOT_CLASS = YES_ERROR;
				CLANG_WARN_QUOTED_INCLUDE_IN_FRAMEWORK_HEADER = YES;
				CLANG_WARN_RANGE_LOOP_ANALYSIS = YES;
				CLANG_WARN_STRICT_PROTOTYPES = YES;
				CLANG_WARN_SUSPICIOUS_MOVE = YES;
				CLANG_WARN_UNGUARDED_AVAILABILITY = YES_AGGRESSIVE;
				CLANG_WARN_UNREACHABLE_CODE = YES;
				CLANG_WARN__DUPLICATE_METHOD_MATCH = YES;
				COPY_PHASE_STRIP = NO;
				DEBUG_INFORMATION_FORMAT = "dwarf-with-dsym";
				DEVELOPMENT_TEAM = 8L5LTN9LMB;
				ENABLE_NS_ASSERTIONS = NO;
				ENABLE_STRICT_OBJC_MSGSEND = YES;
				ENABLE_USER_SCRIPT_SANDBOXING = YES;
				GCC_C_LANGUAGE_STANDARD = gnu17;
				GCC_NO_COMMON_BLOCKS = YES;
				GCC_WARN_64_TO_32_BIT_CONVERSION = YES;
				GCC_WARN_ABOUT_RETURN_TYPE = YES_ERROR;
				GCC_WARN_UNDECLARED_SELECTOR = YES;
				GCC_WARN_UNINITIALIZED_AUTOS = YES_AGGRESSIVE;
				GCC_WARN_UNUSED_FUNCTION = YES;
				GCC_WARN_UNUSED_VARIABLE = YES;
				IPHONEOS_DEPLOYMENT_TARGET = 17.0;
				LOCALIZATION_PREFERS_STRING_CATALOGS = YES;
				MTL_ENABLE_DEBUG_INFO = NO;
				MTL_FAST_MATH = YES;
				SDKROOT = iphoneos;
				STRING_CATALOG_GENERATE_SYMBOLS = YES;
				SWIFT_COMPILATION_MODE = wholemodule;
				VALIDATE_PRODUCT = YES;
			};
			name = Release;
		};
		1A8003 /* Debug */ = {
			isa = XCBuildConfiguration;
			buildSettings = {
				ASSETCATALOG_COMPILER_APPICON_NAME = AppIcon;
				ASSETCATALOG_COMPILER_GLOBAL_ACCENT_COLOR_NAME = AccentColor;
				CODE_SIGN_ENTITLEMENTS = RackRushKids/RackRushKids.entitlements;
				CODE_SIGN_IDENTITY = "Apple Development";
				CODE_SIGN_STYLE = Automatic;
				CURRENT_PROJECT_VERSION = 2;
				DEVELOPMENT_TEAM = 8L5LTN9LMB;
				ENABLE_PREVIEWS = YES;
				GENERATE_INFOPLIST_FILE = YES;
				INFOPLIST_FILE = RackRushKids/Info.plist;
				INFOPLIST_KEY_CFBundleDisplayName = "Word Play Kids";
				INFOPLIST_KEY_UIApplicationSceneManifest_Generation = YES;
				INFOPLIST_KEY_UIApplicationSupportsIndirectInputEvents = YES;
				INFOPLIST_KEY_UILaunchScreen_Generation = YES;
				INFOPLIST_KEY_UISupportedInterfaceOrientations = UIInterfaceOrientationPortrait;
				INFOPLIST_KEY_UISupportedInterfaceOrientations_iPad = "UIInterfaceOrientationLandscapeLeft UIInterfaceOrientationLandscapeRight UIInterfaceOrientationPortrait UIInterfaceOrientationPortraitUpsideDown";
				LD_RUNPATH_SEARCH_PATHS = (
					"$(inherited)",
					"@executable_path/Frameworks",
				);
				MARKETING_VERSION = 1.0;
				PRODUCT_BUNDLE_IDENTIFIER = com.rackrush.kids;
				PRODUCT_NAME = "$(TARGET_NAME)";
				PROVISIONING_PROFILE_SPECIFIER = "";
				SWIFT_EMIT_LOC_STRINGS = YES;
				SWIFT_VERSION = 5.0;
				TARGETED_DEVICE_FAMILY = "1,2";
			};
			name = Debug;
		};
		1A8004 /* Release */ = {
			isa = XCBuildConfiguration;
			buildSettings = {
				ASSETCATALOG_COMPILER_APPICON_NAME = AppIcon;
				ASSETCATALOG_COMPILER_GLOBAL_ACCENT_COLOR_NAME = AccentColor;
				CODE_SIGN_ENTITLEMENTS = RackRushKids/RackRushKids.entitlements;
				CODE_SIGN_IDENTITY = "Apple Development";
				CODE_SIGN_STYLE = Automatic;
				CURRENT_PROJECT_VERSION = 2;
				DEVELOPMENT_TEAM = 8L5LTN9LMB;
				ENABLE_PREVIEWS = YES;
				GENERATE_INFOPLIST_FILE = YES;
				INFOPLIST_FILE = RackRushKids/Info.plist;
				INFOPLIST_KEY_CFBundleDisplayName = "Word Play Kids";
				INFOPLIST_KEY_UIApplicationSceneManifest_Generation = YES;
				INFOPLIST_KEY_UIApplicationSupportsIndirectInputEvents = YES;
				INFOPLIST_KEY_UILaunchScreen_Generation = YES;
				INFOPLIST_KEY_UISupportedInterfaceOrientations = UIInterfaceOrientationPortrait;
				INFOPLIST_KEY_UISupportedInterfaceOrientations_iPad = "UIInterfaceOrientationLandscapeLeft UIInterfaceOrientationLandscapeRight UIInterfaceOrientationPortrait UIInterfaceOrientationPortraitUpsideDown";
				LD_RUNPATH_SEARCH_PATHS = (
					"$(inherited)",
					"@executable_path/Frameworks",
				);
				MARKETING_VERSION = 1.0;
				PRODUCT_BUNDLE_IDENTIFIER = com.rackrush.kids;
				PRODUCT_NAME = "$(TARGET_NAME)";
				PROVISIONING_PROFILE_SPECIFIER = "";
				SWIFT_EMIT_LOC_STRINGS = YES;
				SWIFT_VERSION = 5.0;
				TARGETED_DEVICE_FAMILY = "1,2";
			};
			name = Release;
		};
/* End XCBuildConfiguration section */

/* Begin XCConfigurationList section */
		1A6001 /* Build configuration list for PBXNativeTarget "RackRushKids" */ = {
			isa = XCConfigurationList;
			buildConfigurations = (
				1A8003 /* Debug */,
				1A8004 /* Release */,
			);
			defaultConfigurationIsVisible = 0;
			defaultConfigurationName = Release;
		};
		1A7002 /* Build configuration list for PBXProject "RackRushKids" */ = {
			isa = XCConfigurationList;
			buildConfigurations = (
				1A8001 /* Debug */,
				1A8002 /* Release */,
			);
			defaultConfigurationIsVisible = 0;
			defaultConfigurationName = Release;
		};
/* End XCConfigurationList section */

/* Begin XCRemoteSwiftPackageReference section */
		1A8010 /* XCRemoteSwiftPackageReference "socket.io-client-swift" */ = {
			isa = XCRemoteSwiftPackageReference;
			repositoryURL = "https://github.com/socketio/socket.io-client-swift";
			requirement = {
				kind = upToNextMajorVersion;
				minimumVersion = 16.0.0;
			};
		};
/* End XCRemoteSwiftPackageReference section */

/* Begin XCSwiftPackageProductDependency section */
		1A9001 /* SocketIO */ = {
			isa = XCSwiftPackageProductDependency;
			package = 1A8010 /* XCRemoteSwiftPackageReference "socket.io-client-swift" */;
			productName = SocketIO;
		};
/* End XCSwiftPackageProductDependency section */
	};
	rootObject = 1A7001 /* Project object */;
}
